
Microsoft Visual Studio Solution File, Format Version 12.00
# Visual Studio 15
Project("{FAE04EC0-301F-11D3-BF4B-00C04F79EFBC}") = "Assembly-CSharp", "Assembly-CSharp.csproj", "{FBFB0965-F65E-FB9F-3CE0-82E56355F501}"
EndProject
Project("{FAE04EC0-301F-11D3-BF4B-00C04F79EFBC}") = "Assembly-CSharp-Editor", "Assembly-CSharp-Editor.csproj", "{1D2C7FCC-8EEC-7052-EEC2-1094B82C46D9}"
EndProject
Global
	GlobalSection(SolutionConfigurationPlatforms) = preSolution
		Debug|Any CPU = Debug|Any CPU
		Release|Any CPU = Release|Any CPU
	EndGlobalSection
	GlobalSection(ProjectConfigurationPlatforms) = postSolution
		{FBFB0965-F65E-FB9F-3CE0-82E56355F501}.Debug|Any CPU.ActiveCfg = Debug|Any CPU
		{FBFB0965-F65E-FB9F-3CE0-82E56355F501}.Debug|Any CPU.Build.0 = Debug|Any CPU
		{FBFB0965-F65E-FB9F-3CE0-82E56355F501}.Release|Any CPU.ActiveCfg = Release|Any CPU
		{FBFB0965-F65E-FB9F-3CE0-82E56355F501}.Release|Any CPU.Build.0 = Release|Any CPU
		{1D2C7FCC-8EEC-7052-EEC2-1094B82C46D9}.Debug|Any CPU.ActiveCfg = Debug|Any CPU
		{1D2C7FCC-8EEC-7052-EEC2-1094B82C46D9}.Debug|Any CPU.Build.0 = Debug|Any CPU
		{1D2C7FCC-8EEC-7052-EEC2-1094B82C46D9}.Release|Any CPU.ActiveCfg = Release|Any CPU
		{1D2C7FCC-8EEC-7052-EEC2-1094B82C46D9}.Release|Any CPU.Build.0 = Release|Any CPU
	EndGlobalSection
	GlobalSection(SolutionProperties) = preSolution
		HideSolutionNode = FALSE
	EndGlobalSection
EndGlobal
